
Microsoft Visual Studio Solution File, Format Version 12.00
# Visual Studio Version 16
VisualStudioVersion = 16.0.30320.27
MinimumVisualStudioVersion = 10.0.40219.1
Project("{9A19103F-16F7-4668-BE54-9A1E7A4F7556}") = "Haipa.IdentityModel", "src\Haipa.IdentityModel\Haipa.IdentityModel.csproj", "{5438E138-B865-48B0-85D5-FA8736CE1D48}"
EndProject
Project("{9A19103F-16F7-4668-BE54-9A1E7A4F7556}") = "Haipa.IdentityModel.Clients", "src\Haipa.IdentityModel.Clients\Haipa.IdentityModel.Clients.csproj", "{2D1C55E6-67A1-4173-BF53-EE87457CF9B0}"
EndProject
Project("{2150E333-8FDC-42A3-9474-1A3956D46DE8}") = "Solution Items", "Solution Items", "{3E825A50-D7E6-4836-94A5-87370BC3085A}"
	ProjectSection(SolutionItems) = preProject
		azure-pipelines.yml = azure-pipelines.yml
		GitVersion.yml = GitVersion.yml
	EndProjectSection
EndProject
Project("{9A19103F-16F7-4668-BE54-9A1E7A4F7556}") = "IdentityModel.Clients.Tests", "test\IdentityModel.Clients.Tests\IdentityModel.Clients.Tests.csproj", "{46EA05B2-36EB-442C-9C66-AB1C8F83FF41}"
EndProject
Project("{9A19103F-16F7-4668-BE54-9A1E7A4F7556}") = "Haipa.IdentityModel.Tests", "test\Haipa.IdentityModel.Tests\Haipa.IdentityModel.Tests.csproj", "{FC61422C-260F-413C-8A42-FA5140CE480F}"
EndProject
Global
	GlobalSection(SolutionConfigurationPlatforms) = preSolution
		Debug|Any CPU = Debug|Any CPU
		Release|Any CPU = Release|Any CPU
	EndGlobalSection
	GlobalSection(ProjectConfigurationPlatforms) = postSolution
		{5438E138-B865-48B0-85D5-FA8736CE1D48}.Debug|Any CPU.ActiveCfg = Debug|Any CPU
		{5438E138-B865-48B0-85D5-FA8736CE1D48}.Debug|Any CPU.Build.0 = Debug|Any CPU
		{5438E138-B865-48B0-85D5-FA8736CE1D48}.Release|Any CPU.ActiveCfg = Release|Any CPU
		{5438E138-B865-48B0-85D5-FA8736CE1D48}.Release|Any CPU.Build.0 = Release|Any CPU
		{2D1C55E6-67A1-4173-BF53-EE87457CF9B0}.Debug|Any CPU.ActiveCfg = Debug|Any CPU
		{2D1C55E6-67A1-4173-BF53-EE87457CF9B0}.Debug|Any CPU.Build.0 = Debug|Any CPU
		{2D1C55E6-67A1-4173-BF53-EE87457CF9B0}.Release|Any CPU.ActiveCfg = Release|Any CPU
		{2D1C55E6-67A1-4173-BF53-EE87457CF9B0}.Release|Any CPU.Build.0 = Release|Any CPU
		{46EA05B2-36EB-442C-9C66-AB1C8F83FF41}.Debug|Any CPU.ActiveCfg = Debug|Any CPU
		{46EA05B2-36EB-442C-9C66-AB1C8F83FF41}.Debug|Any CPU.Build.0 = Debug|Any CPU
		{46EA05B2-36EB-442C-9C66-AB1C8F83FF41}.Release|Any CPU.ActiveCfg = Release|Any CPU
		{46EA05B2-36EB-442C-9C66-AB1C8F83FF41}.Release|Any CPU.Build.0 = Release|Any CPU
		{FC61422C-260F-413C-8A42-FA5140CE480F}.Debug|Any CPU.ActiveCfg = Debug|Any CPU
		{FC61422C-260F-413C-8A42-FA5140CE480F}.Debug|Any CPU.Build.0 = Debug|Any CPU
		{FC61422C-260F-413C-8A42-FA5140CE480F}.Release|Any CPU.ActiveCfg = Release|Any CPU
		{FC61422C-260F-413C-8A42-FA5140CE480F}.Release|Any CPU.Build.0 = Release|Any CPU
	EndGlobalSection
	GlobalSection(SolutionProperties) = preSolution
		HideSolutionNode = FALSE
	EndGlobalSection
	GlobalSection(ExtensibilityGlobals) = postSolution
		SolutionGuid = {6F1D0383-FEE0-4155-86BE-958EF4B74094}
	EndGlobalSection
EndGlobal
